// !$*UTF8*$!
{
	archiveVersion = 1;
	classes = {
	};
	objectVersion = 51;
	objects = {

/* Begin PBXBuildFile section */
		1F9B488AB272D54EF14E4DDF /* Pods_FirePlayer.framework in Frameworks */ = {isa = PBXBuildFile; fileRef = 7238080E97AB036BD8A54BF3 /* Pods_FirePlayer.framework */; };
		BFFF85F7244D32E400656375 /* AppDelegate.swift in Sources */ = {isa = PBXBuildFile; fileRef = BFFF85F6244D32E400656375 /* AppDelegate.swift */; };
		BFFF85FB244D32E500656375 /* Assets.xcassets in Resources */ = {isa = PBXBuildFile; fileRef = BFFF85FA244D32E500656375 /* Assets.xcassets */; };
		BFFF8611244D38A600656375 /* MainViewController.swift in Sources */ = {isa = PBXBuildFile; fileRef = BFFF860F244D38A600656375 /* MainViewController.swift */; };
		BFFF8619244D3E6100656375 /* InitialWindowController.swift in Sources */ = {isa = PBXBuildFile; fileRef = BFFF8617244D3E6100656375 /* InitialWindowController.swift */; };
		BFFF861B244D465B00656375 /* MainMenu.xib in Resources */ = {isa = PBXBuildFile; fileRef = BFFF861D244D465B00656375 /* MainMenu.xib */; };
		BFFF8620244D677F00656375 /* ExtensionColors.swift in Sources */ = {isa = PBXBuildFile; fileRef = BFFF861F244D677F00656375 /* ExtensionColors.swift */; };
		BFFF8621244D7F5200656375 /* InitialWindowController.xib in Resources */ = {isa = PBXBuildFile; fileRef = BFFF8623244D7F5200656375 /* InitialWindowController.xib */; };
		BFFF8627244D854000656375 /* OpenURLWindowController.swift in Sources */ = {isa = PBXBuildFile; fileRef = BFFF8625244D854000656375 /* OpenURLWindowController.swift */; };
		BFFF8628244D854000656375 /* OpenURLWindowController.xib in Resources */ = {isa = PBXBuildFile; fileRef = BFFF8626244D854000656375 /* OpenURLWindowController.xib */; };
/* End PBXBuildFile section */

/* Begin PBXFileReference section */
		4E58FC083CE007ED868C82EA /* Pods-FirePlayer.release.xcconfig */ = {isa = PBXFileReference; includeInIndex = 1; lastKnownFileType = text.xcconfig; name = "Pods-FirePlayer.release.xcconfig"; path = "Target Support Files/Pods-FirePlayer/Pods-FirePlayer.release.xcconfig"; sourceTree = "<group>"; };
		7238080E97AB036BD8A54BF3 /* Pods_FirePlayer.framework */ = {isa = PBXFileReference; explicitFileType = wrapper.framework; includeInIndex = 0; path = Pods_FirePlayer.framework; sourceTree = BUILT_PRODUCTS_DIR; };
		8E82878755DBC8213F2FF73B /* Pods-FirePlayer.debug.xcconfig */ = {isa = PBXFileReference; includeInIndex = 1; lastKnownFileType = text.xcconfig; name = "Pods-FirePlayer.debug.xcconfig"; path = "Target Support Files/Pods-FirePlayer/Pods-FirePlayer.debug.xcconfig"; sourceTree = "<group>"; };
		BFFF85F3244D32E400656375 /* FirePlayer.app */ = {isa = PBXFileReference; explicitFileType = wrapper.application; includeInIndex = 0; path = FirePlayer.app; sourceTree = BUILT_PRODUCTS_DIR; };
		BFFF85F6244D32E400656375 /* AppDelegate.swift */ = {isa = PBXFileReference; lastKnownFileType = sourcecode.swift; path = AppDelegate.swift; sourceTree = "<group>"; };
		BFFF85FA244D32E500656375 /* Assets.xcassets */ = {isa = PBXFileReference; lastKnownFileType = folder.assetcatalog; path = Assets.xcassets; sourceTree = "<group>"; };
		BFFF85FF244D32E500656375 /* Info.plist */ = {isa = PBXFileReference; lastKnownFileType = text.plist.xml; path = Info.plist; sourceTree = "<group>"; };
		BFFF8600244D32E500656375 /* FirePlayer.entitlements */ = {isa = PBXFileReference; lastKnownFileType = text.plist.entitlements; path = FirePlayer.entitlements; sourceTree = "<group>"; };
		BFFF860F244D38A600656375 /* MainViewController.swift */ = {isa = PBXFileReference; lastKnownFileType = sourcecode.swift; path = MainViewController.swift; sourceTree = "<group>"; };
		BFFF8617244D3E6100656375 /* InitialWindowController.swift */ = {isa = PBXFileReference; lastKnownFileType = sourcecode.swift; path = InitialWindowController.swift; sourceTree = "<group>"; };
		BFFF861C244D465B00656375 /* Base */ = {isa = PBXFileReference; lastKnownFileType = file.xib; name = Base; path = Base.lproj/MainMenu.xib; sourceTree = "<group>"; };
		BFFF861F244D677F00656375 /* ExtensionColors.swift */ = {isa = PBXFileReference; lastKnownFileType = sourcecode.swift; path = ExtensionColors.swift; sourceTree = "<group>"; };
		BFFF8622244D7F5200656375 /* Base */ = {isa = PBXFileReference; lastKnownFileType = file.xib; name = Base; path = Base.lproj/InitialWindowController.xib; sourceTree = "<group>"; };
		BFFF8625244D854000656375 /* OpenURLWindowController.swift */ = {isa = PBXFileReference; lastKnownFileType = sourcecode.swift; path = OpenURLWindowController.swift; sourceTree = "<group>"; };
		BFFF8626244D854000656375 /* OpenURLWindowController.xib */ = {isa = PBXFileReference; lastKnownFileType = file.xib; path = OpenURLWindowController.xib; sourceTree = "<group>"; };
/* End PBXFileReference section */

/* Begin PBXFrameworksBuildPhase section */
		BFFF85F0244D32E400656375 /* Frameworks */ = {
			isa = PBXFrameworksBuildPhase;
			buildActionMask = 2147483647;
			files = (
				1F9B488AB272D54EF14E4DDF /* Pods_FirePlayer.framework in Frameworks */,
			);
			runOnlyForDeploymentPostprocessing = 0;
		};
/* End PBXFrameworksBuildPhase section */

/* Begin PBXGroup section */
		B6C9E570FEBA76A84A581681 /* Frameworks */ = {
			isa = PBXGroup;
			children = (
				7238080E97AB036BD8A54BF3 /* Pods_FirePlayer.framework */,
			);
			name = Frameworks;
			sourceTree = "<group>";
		};
		B9318902AC35232D5B88E5AD /* Pods */ = {
			isa = PBXGroup;
			children = (
				8E82878755DBC8213F2FF73B /* Pods-FirePlayer.debug.xcconfig */,
				4E58FC083CE007ED868C82EA /* Pods-FirePlayer.release.xcconfig */,
			);
			path = Pods;
			sourceTree = "<group>";
		};
		BFFF85EA244D32E400656375 = {
			isa = PBXGroup;
			children = (
				BFFF85F5244D32E400656375 /* FirePlayer */,
				BFFF85F4244D32E400656375 /* Products */,
				B9318902AC35232D5B88E5AD /* Pods */,
				B6C9E570FEBA76A84A581681 /* Frameworks */,
			);
			sourceTree = "<group>";
		};
		BFFF85F4244D32E400656375 /* Products */ = {
			isa = PBXGroup;
			children = (
				BFFF85F3244D32E400656375 /* FirePlayer.app */,
			);
			name = Products;
			sourceTree = "<group>";
		};
		BFFF85F5244D32E400656375 /* FirePlayer */ = {
			isa = PBXGroup;
			children = (
				BFFF8624244D852900656375 /* Windows */,
				BFFF861E244D676100656375 /* Const */,
				BFFF8608244D384D00656375 /* Main */,
				BFFF85F6244D32E400656375 /* AppDelegate.swift */,
				BFFF85FA244D32E500656375 /* Assets.xcassets */,
				BFFF85FF244D32E500656375 /* Info.plist */,
				BFFF8600244D32E500656375 /* FirePlayer.entitlements */,
				BFFF861D244D465B00656375 /* MainMenu.xib */,
			);
			path = FirePlayer;
			sourceTree = "<group>";
		};
		BFFF8608244D384D00656375 /* Main */ = {
			isa = PBXGroup;
			children = (
				BFFF860F244D38A600656375 /* MainViewController.swift */,
				BFFF8617244D3E6100656375 /* InitialWindowController.swift */,
				BFFF8623244D7F5200656375 /* InitialWindowController.xib */,
			);
			path = Main;
			sourceTree = "<group>";
		};
		BFFF861E244D676100656375 /* Const */ = {
			isa = PBXGroup;
			children = (
				BFFF861F244D677F00656375 /* ExtensionColors.swift */,
			);
			path = Const;
			sourceTree = "<group>";
		};
		BFFF8624244D852900656375 /* Windows */ = {
			isa = PBXGroup;
			children = (
				BFFF8625244D854000656375 /* OpenURLWindowController.swift */,
				BFFF8626244D854000656375 /* OpenURLWindowController.xib */,
			);
			path = Windows;
			sourceTree = "<group>";
		};
/* End PBXGroup section */

/* Begin PBXNativeTarget section */
		BFFF85F2244D32E400656375 /* FirePlayer */ = {
			isa = PBXNativeTarget;
			buildConfigurationList = BFFF8603244D32E500656375 /* Build configuration list for PBXNativeTarget "FirePlayer" */;
			buildPhases = (
				D40BA23C1FEB2BBCD538D9CB /* [CP] Check Pods Manifest.lock */,
				BFFF85EF244D32E400656375 /* Sources */,
				BFFF85F0244D32E400656375 /* Frameworks */,
				BFFF85F1244D32E400656375 /* Resources */,
				51B295CAA810BB3E364843A8 /* [CP] Embed Pods Frameworks */,
			);
			buildRules = (
			);
			dependencies = (
			);
			name = FirePlayer;
			productName = FirePlayer;
			productReference = BFFF85F3244D32E400656375 /* FirePlayer.app */;
			productType = "com.apple.product-type.application";
		};
/* End PBXNativeTarget section */

/* Begin PBXProject section */
		BFFF85EB244D32E400656375 /* Project object */ = {
			isa = PBXProject;
			attributes = {
				LastSwiftUpdateCheck = 1140;
				LastUpgradeCheck = 1140;
				ORGANIZATIONNAME = etiantian;
				TargetAttributes = {
					BFFF85F2244D32E400656375 = {
						CreatedOnToolsVersion = 11.4;
					};
				};
			};
			buildConfigurationList = BFFF85EE244D32E400656375 /* Build configuration list for PBXProject "FirePlayer" */;
			compatibilityVersion = "Xcode 9.3";
			developmentRegion = en;
			hasScannedForEncodings = 0;
			knownRegions = (
				en,
				Base,
			);
			mainGroup = BFFF85EA244D32E400656375;
			productRefGroup = BFFF85F4244D32E400656375 /* Products */;
			projectDirPath = "";
			projectRoot = "";
			targets = (
				BFFF85F2244D32E400656375 /* FirePlayer */,
			);
		};
/* End PBXProject section */

/* Begin PBXResourcesBuildPhase section */
		BFFF85F1244D32E400656375 /* Resources */ = {
			isa = PBXResourcesBuildPhase;
			buildActionMask = 2147483647;
			files = (
				BFFF85FB244D32E500656375 /* Assets.xcassets in Resources */,
				BFFF8628244D854000656375 /* OpenURLWindowController.xib in Resources */,
				BFFF861B244D465B00656375 /* MainMenu.xib in Resources */,
				BFFF8621244D7F5200656375 /* InitialWindowController.xib in Resources */,
			);
			runOnlyForDeploymentPostprocessing = 0;
		};
/* End PBXResourcesBuildPhase section */

/* Begin PBXShellScriptBuildPhase section */
		51B295CAA810BB3E364843A8 /* [CP] Embed Pods Frameworks */ = {
			isa = PBXShellScriptBuildPhase;
			buildActionMask = 2147483647;
			files = (
			);
			inputFileListPaths = (
				"${PODS_ROOT}/Target Support Files/Pods-FirePlayer/Pods-FirePlayer-frameworks-${CONFIGURATION}-input-files.xcfilelist",
			);
			name = "[CP] Embed Pods Frameworks";
			outputFileListPaths = (
				"${PODS_ROOT}/Target Support Files/Pods-FirePlayer/Pods-FirePlayer-frameworks-${CONFIGURATION}-output-files.xcfilelist",
			);
			runOnlyForDeploymentPostprocessing = 0;
			shellPath = /bin/sh;
			shellScript = "\"${PODS_ROOT}/Target Support Files/Pods-FirePlayer/Pods-FirePlayer-frameworks.sh\"\n";
			showEnvVarsInLog = 0;
		};
		D40BA23C1FEB2BBCD538D9CB /* [CP] Check Pods Manifest.lock */ = {
			isa = PBXShellScriptBuildPhase;
			buildActionMask = 2147483647;
			files = (
			);
			inputFileListPaths = (
			);
			inputPaths = (
				"${PODS_PODFILE_DIR_PATH}/Podfile.lock",
				"${PODS_ROOT}/Manifest.lock",
			);
			name = "[CP] Check Pods Manifest.lock";
			outputFileListPaths = (
			);
			outputPaths = (
				"$(DERIVED_FILE_DIR)/Pods-FirePlayer-checkManifestLockResult.txt",
			);
			runOnlyForDeploymentPostprocessing = 0;
			shellPath = /bin/sh;
			shellScript = "diff \"${PODS_PODFILE_DIR_PATH}/Podfile.lock\" \"${PODS_ROOT}/Manifest.lock\" > /dev/null\nif [ $? != 0 ] ; then\n    # print error to STDERR\n    echo \"error: The sandbox is not in sync with the Podfile.lock. Run 'pod install' or update your CocoaPods installation.\" >&2\n    exit 1\nfi\n# This output is used by Xcode 'outputs' to avoid re-running this script phase.\necho \"SUCCESS\" > \"${SCRIPT_OUTPUT_FILE_0}\"\n";
			showEnvVarsInLog = 0;
		};
/* End PBXShellScriptBuildPhase section */

/* Begin PBXSourcesBuildPhase section */
		BFFF85EF244D32E400656375 /* Sources */ = {
			isa = PBXSourcesBuildPhase;
			buildActionMask = 2147483647;
			files = (
				BFFF8627244D854000656375 /* OpenURLWindowController.swift in Sources */,
				BFFF85F7244D32E400656375 /* AppDelegate.swift in Sources */,
				BFFF8619244D3E6100656375 /* InitialWindowController.swift in Sources */,
				BFFF8611244D38A600656375 /* MainViewController.swift in Sources */,
				BFFF8620244D677F00656375 /* ExtensionColors.swift in Sources */,
			);
			runOnlyForDeploymentPostprocessing = 0;
		};
/* End PBXSourcesBuildPhase section */

/* Begin PBXVariantGroup section */
		BFFF861D244D465B00656375 /* MainMenu.xib */ = {
			isa = PBXVariantGroup;
			children = (
				BFFF861C244D465B00656375 /* Base */,
			);
			name = MainMenu.xib;
			sourceTree = "<group>";
		};
		BFFF8623244D7F5200656375 /* InitialWindowController.xib */ = {
			isa = PBXVariantGroup;
			children = (
				BFFF8622244D7F5200656375 /* Base */,
			);
			name = InitialWindowController.xib;
			sourceTree = "<group>";
		};
/* End PBXVariantGroup section */

/* Begin XCBuildConfiguration section */
		BFFF8601244D32E500656375 /* Debug */ = {
			isa = XCBuildConfiguration;
			buildSettings = {
				ALWAYS_SEARCH_USER_PATHS = NO;
				CLANG_ANALYZER_NONNULL = YES;
				CLANG_ANALYZER_NUMBER_OBJECT_CONVERSION = YES_AGGRESSIVE;
				CLANG_CXX_LANGUAGE_STANDARD = "gnu++14";
				CLANG_CXX_LIBRARY = "libc++";
				CLANG_ENABLE_MODULES = YES;
				CLANG_ENABLE_OBJC_ARC = YES;
				CLANG_ENABLE_OBJC_WEAK = YES;
				CLANG_WARN_BLOCK_CAPTURE_AUTORELEASING = YES;
				CLANG_WARN_BOOL_CONVERSION = YES;
				CLANG_WARN_COMMA = YES;
				CLANG_WARN_CONSTANT_CONVERSION = YES;
				CLANG_WARN_DEPRECATED_OBJC_IMPLEMENTATIONS = YES;
				CLANG_WARN_DIRECT_OBJC_ISA_USAGE = YES_ERROR;
				CLANG_WARN_DOCUMENTATION_COMMENTS = YES;
				CLANG_WARN_EMPTY_BODY = YES;
				CLANG_WARN_ENUM_CONVERSION = YES;
				CLANG_WARN_INFINITE_RECURSION = YES;
				CLANG_WARN_INT_CONVERSION = YES;
				CLANG_WARN_NON_LITERAL_NULL_CONVERSION = YES;
				CLANG_WARN_OBJC_IMPLICIT_RETAIN_SELF = YES;
				CLANG_WARN_OBJC_LITERAL_CONVERSION = YES;
				CLANG_WARN_OBJC_ROOT_CLASS = YES_ERROR;
				CLANG_WARN_RANGE_LOOP_ANALYSIS = YES;
				CLANG_WARN_STRICT_PROTOTYPES = YES;
				CLANG_WARN_SUSPICIOUS_MOVE = YES;
				CLANG_WARN_UNGUARDED_AVAILABILITY = YES_AGGRESSIVE;
				CLANG_WARN_UNREACHABLE_CODE = YES;
				CLANG_WARN__DUPLICATE_METHOD_MATCH = YES;
				COPY_PHASE_STRIP = NO;
				DEBUG_INFORMATION_FORMAT = dwarf;
				ENABLE_STRICT_OBJC_MSGSEND = YES;
				ENABLE_TESTABILITY = YES;
				GCC_C_LANGUAGE_STANDARD = gnu11;
				GCC_DYNAMIC_NO_PIC = NO;
				GCC_NO_COMMON_BLOCKS = YES;
				GCC_OPTIMIZATION_LEVEL = 0;
				GCC_PREPROCESSOR_DEFINITIONS = (
					"DEBUG=1",
					"$(inherited)",
				);
				GCC_WARN_64_TO_32_BIT_CONVERSION = YES;
				GCC_WARN_ABOUT_RETURN_TYPE = YES_ERROR;
				GCC_WARN_UNDECLARED_SELECTOR = YES;
				GCC_WARN_UNINITIALIZED_AUTOS = YES_AGGRESSIVE;
				GCC_WARN_UNUSED_FUNCTION = YES;
				GCC_WARN_UNUSED_VARIABLE = YES;
				MACOSX_DEPLOYMENT_TARGET = 10.15;
				MTL_ENABLE_DEBUG_INFO = INCLUDE_SOURCE;
				MTL_FAST_MATH = YES;
				ONLY_ACTIVE_ARCH = YES;
				SDKROOT = macosx;
				SWIFT_ACTIVE_COMPILATION_CONDITIONS = DEBUG;
				SWIFT_OPTIMIZATION_LEVEL = "-Onone";
			};
			name = Debug;
		};
		BFFF8602244D32E500656375 /* Release */ = {
			isa = XCBuildConfiguration;
			buildSettings = {
				ALWAYS_SEARCH_USER_PATHS = NO;
				CLANG_ANALYZER_NONNULL = YES;
				CLANG_ANALYZER_NUMBER_OBJECT_CONVERSION = YES_AGGRESSIVE;
				CLANG_CXX_LANGUAGE_STANDARD = "gnu++14";
				CLANG_CXX_LIBRARY = "libc++";
				CLANG_ENABLE_MODULES = YES;
				CLANG_ENABLE_OBJC_ARC = YES;
				CLANG_ENABLE_OBJC_WEAK = YES;
				CLANG_WARN_BLOCK_CAPTURE_AUTORELEASING = YES;
				CLANG_WARN_BOOL_CONVERSION = YES;
				CLANG_WARN_COMMA = YES;
				CLANG_WARN_CONSTANT_CONVERSION = YES;
				CLANG_WARN_DEPRECATED_OBJC_IMPLEMENTATIONS = YES;
				CLANG_WARN_DIRECT_OBJC_ISA_USAGE = YES_ERROR;
				CLANG_WARN_DOCUMENTATION_COMMENTS = YES;
				CLANG_WARN_EMPTY_BODY = YES;
				CLANG_WARN_ENUM_CONVERSION = YES;
				CLANG_WARN_INFINITE_RECURSION = YES;
				CLANG_WARN_INT_CONVERSION = YES;
				CLANG_WARN_NON_LITERAL_NULL_CONVERSION = YES;
				CLANG_WARN_OBJC_IMPLICIT_RETAIN_SELF = YES;
				CLANG_WARN_OBJC_LITERAL_CONVERSION = YES;
				CLANG_WARN_OBJC_ROOT_CLASS = YES_ERROR;
				CLANG_WARN_RANGE_LOOP_ANALYSIS = YES;
				CLANG_WARN_STRICT_PROTOTYPES = YES;
				CLANG_WARN_SUSPICIOUS_MOVE = YES;
				CLANG_WARN_UNGUARDED_AVAILABILITY = YES_AGGRESSIVE;
				CLANG_WARN_UNREACHABLE_CODE = YES;
				CLANG_WARN__DUPLICATE_METHOD_MATCH = YES;
				COPY_PHASE_STRIP = NO;
				DEBUG_INFORMATION_FORMAT = "dwarf-with-dsym";
				ENABLE_NS_ASSERTIONS = NO;
				ENABLE_STRICT_OBJC_MSGSEND = YES;
				GCC_C_LANGUAGE_STANDARD = gnu11;
				GCC_NO_COMMON_BLOCKS = YES;
				GCC_WARN_64_TO_32_BIT_CONVERSION = YES;
				GCC_WARN_ABOUT_RETURN_TYPE = YES_ERROR;
				GCC_WARN_UNDECLARED_SELECTOR = YES;
				GCC_WARN_UNINITIALIZED_AUTOS = YES_AGGRESSIVE;
				GCC_WARN_UNUSED_FUNCTION = YES;
				GCC_WARN_UNUSED_VARIABLE = YES;
				MACOSX_DEPLOYMENT_TARGET = 10.15;
				MTL_ENABLE_DEBUG_INFO = NO;
				MTL_FAST_MATH = YES;
				SDKROOT = macosx;
				SWIFT_COMPILATION_MODE = wholemodule;
				SWIFT_OPTIMIZATION_LEVEL = "-O";
			};
			name = Release;
		};
		BFFF8604244D32E500656375 /* Debug */ = {
			isa = XCBuildConfiguration;
			baseConfigurationReference = 8E82878755DBC8213F2FF73B /* Pods-FirePlayer.debug.xcconfig */;
			buildSettings = {
				ASSETCATALOG_COMPILER_APPICON_NAME = AppIcon;
				CODE_SIGN_ENTITLEMENTS = FirePlayer/FirePlayer.entitlements;
				CODE_SIGN_STYLE = Automatic;
				COMBINE_HIDPI_IMAGES = YES;
				DEVELOPMENT_TEAM = 4XP6U9X87N;
				ENABLE_HARDENED_RUNTIME = YES;
				INFOPLIST_FILE = FirePlayer/Info.plist;
				LD_RUNPATH_SEARCH_PATHS = (
					"$(inherited)",
					"@executable_path/../Frameworks",
				);
				PRODUCT_BUNDLE_IDENTIFIER = com.etiantian.FirePlayer;
				PRODUCT_NAME = "$(TARGET_NAME)";
				SWIFT_VERSION = 5.0;
			};
			name = Debug;
		};
		BFFF8605244D32E500656375 /* Release */ = {
			isa = XCBuildConfiguration;
			baseConfigurationReference = 4E58FC083CE007ED868C82EA /* Pods-FirePlayer.release.xcconfig */;
			buildSettings = {
				ASSETCATALOG_COMPILER_APPICON_NAME = AppIcon;
				CODE_SIGN_ENTITLEMENTS = FirePlayer/FirePlayer.entitlements;
				CODE_SIGN_STYLE = Automatic;
				COMBINE_HIDPI_IMAGES = YES;
				DEVELOPMENT_TEAM = 4XP6U9X87N;
				ENABLE_HARDENED_RUNTIME = YES;
				INFOPLIST_FILE = FirePlayer/Info.plist;
				LD_RUNPATH_SEARCH_PATHS = (
					"$(inherited)",
					"@executable_path/../Frameworks",
				);
				PRODUCT_BUNDLE_IDENTIFIER = com.etiantian.FirePlayer;
				PRODUCT_NAME = "$(TARGET_NAME)";
				SWIFT_VERSION = 5.0;
			};
			name = Release;
		};
/* End XCBuildConfiguration section */

/* Begin XCConfigurationList section */
		BFFF85EE244D32E400656375 /* Build configuration list for PBXProject "FirePlayer" */ = {
			isa = XCConfigurationList;
			buildConfigurations = (
				BFFF8601244D32E500656375 /* Debug */,
				BFFF8602244D32E500656375 /* Release */,
			);
			defaultConfigurationIsVisible = 0;
			defaultConfigurationName = Release;
		};
		BFFF8603244D32E500656375 /* Build configuration list for PBXNativeTarget "FirePlayer" */ = {
			isa = XCConfigurationList;
			buildConfigurations = (
				BFFF8604244D32E500656375 /* Debug */,
				BFFF8605244D32E500656375 /* Release */,
			);
			defaultConfigurationIsVisible = 0;
			defaultConfigurationName = Release;
		};
/* End XCConfigurationList section */
	};
	rootObject = BFFF85EB244D32E400656375 /* Project object */;
}
